
Microsoft Visual Studio Solution File, Format Version 12.00
# Visual Studio Version 17
VisualStudioVersion = 17.1.32210.238
MinimumVisualStudioVersion = 10.0.40219.1
Project("{9A19103F-16F7-4668-BE54-9A1E7A4F7556}") = "YugiohDB", "YugiohDB.csproj", "{968C50CC-A787-4655-B7D0-73F1BEF9DC26}"
EndProject
Project("{FAE04EC0-301F-11D3-BF4B-00C04F79EFBC}") = "YGOTesting", "..\YGOTesting\YGOTesting.csproj", "{8426D7C1-155E-42D4-A4DA-0FB4D454D3DC}"
EndProject
Global
	GlobalSection(SolutionConfigurationPlatforms) = preSolution
		Debug|Any CPU = Debug|Any CPU
		Release|Any CPU = Release|Any CPU
	EndGlobalSection
	GlobalSection(ProjectConfigurationPlatforms) = postSolution
		{968C50CC-A787-4655-B7D0-73F1BEF9DC26}.Debug|Any CPU.ActiveCfg = Debug|Any CPU
		{968C50CC-A787-4655-B7D0-73F1BEF9DC26}.Debug|Any CPU.Build.0 = Debug|Any CPU
		{968C50CC-A787-4655-B7D0-73F1BEF9DC26}.Release|Any CPU.ActiveCfg = Release|Any CPU
		{968C50CC-A787-4655-B7D0-73F1BEF9DC26}.Release|Any CPU.Build.0 = Release|Any CPU
		{8426D7C1-155E-42D4-A4DA-0FB4D454D3DC}.Debug|Any CPU.ActiveCfg = Debug|Any CPU
		{8426D7C1-155E-42D4-A4DA-0FB4D454D3DC}.Debug|Any CPU.Build.0 = Debug|Any CPU
		{8426D7C1-155E-42D4-A4DA-0FB4D454D3DC}.Release|Any CPU.ActiveCfg = Release|Any CPU
		{8426D7C1-155E-42D4-A4DA-0FB4D454D3DC}.Release|Any CPU.Build.0 = Release|Any CPU
	EndGlobalSection
	GlobalSection(SolutionProperties) = preSolution
		HideSolutionNode = FALSE
	EndGlobalSection
	GlobalSection(ExtensibilityGlobals) = postSolution
		SolutionGuid = {A330F87B-75D6-412C-848E-CD1BD7028455}
	EndGlobalSection
EndGlobal
